schema: '2.0'
stages:
  train:
    cmd: python src/train.py logger=comet model.model_name=vit_tiny_patch16_224
    deps:
    - path: configs/experiment/finetune.yaml
      hash: md5
      md5: 38971319297fbb8dbd36dcd79cd6a1a5
      size: 581
    - path: data/
      hash: md5
      md5: f2d65ffd00f1dbb51a0e7fb1230bb760.dir
      size: 4021944
      nfiles: 969
    - path: src/train.py
      hash: md5
      md5: 607a24b03917c6396769ff95f88ad418
      size: 3559
    outs:
    - path: logs
      hash: md5
      md5: a9a8d0eae33e8b9a2602022639b5ee9f.dir
      size: 354
      nfiles: 1
    - path: outputs
      hash: md5
      md5: a239e162a1e26a0d8b1c82ef2d3ef01c.dir
      size: 66509269
      nfiles: 5
