schema: '2.0'
stages:
  train:
    cmd: python src/train.py logger=comet model.model_name=vit_tiny_patch16_224
    deps:
    - path: configs/experiment/finetune.yaml
      hash: md5
      md5: 38971319297fbb8dbd36dcd79cd6a1a5
      size: 581
    - path: data/
      hash: md5
      md5: 76817c5c640164db8f071b7c4b6d8f09.dir
      size: 4024585
      nfiles: 970
    - path: src/train.py
      hash: md5
      md5: 607a24b03917c6396769ff95f88ad418
      size: 3559
    outs:
    - path: logs
      hash: md5
      md5: 631dda25b001355c9cd179334995640c.dir
      size: 354
      nfiles: 2
    - path: outputs
      hash: md5
      md5: f6ffef5de7864cda6f99b8903eb6ca71.dir
      size: 134335514
      nfiles: 12
